
Microsoft Visual Studio Solution File, Format Version 12.00
# Visual Studio Version 17
VisualStudioVersion = 17.13.35825.156 d17.13
MinimumVisualStudioVersion = 10.0.40219.1
Project("{FAE04EC0-301F-11D3-BF4B-00C04F79EFBC}") = "PayAndGetState", "PayAndGetState\PayAndGetState.csproj", "{03797DDF-B0C5-4501-B2DC-6D82DF1BD934}"
EndProject
Project("{FAE04EC0-301F-11D3-BF4B-00C04F79EFBC}") = "PayAndGetState.Payture", "PayAndGetState.Payture\PayAndGetState.Payture.csproj", "{B0A37020-5518-430B-82A5-37EF65436CBB}"
EndProject
Global
	GlobalSection(SolutionConfigurationPlatforms) = preSolution
		Debug|Any CPU = Debug|Any CPU
		Release|Any CPU = Release|Any CPU
	EndGlobalSection
	GlobalSection(ProjectConfigurationPlatforms) = postSolution
		{03797DDF-B0C5-4501-B2DC-6D82DF1BD934}.Debug|Any CPU.ActiveCfg = Debug|Any CPU
		{03797DDF-B0C5-4501-B2DC-6D82DF1BD934}.Debug|Any CPU.Build.0 = Debug|Any CPU
		{03797DDF-B0C5-4501-B2DC-6D82DF1BD934}.Release|Any CPU.ActiveCfg = Release|Any CPU
		{03797DDF-B0C5-4501-B2DC-6D82DF1BD934}.Release|Any CPU.Build.0 = Release|Any CPU
		{B0A37020-5518-430B-82A5-37EF65436CBB}.Debug|Any CPU.ActiveCfg = Debug|Any CPU
		{B0A37020-5518-430B-82A5-37EF65436CBB}.Debug|Any CPU.Build.0 = Debug|Any CPU
		{B0A37020-5518-430B-82A5-37EF65436CBB}.Release|Any CPU.ActiveCfg = Release|Any CPU
		{B0A37020-5518-430B-82A5-37EF65436CBB}.Release|Any CPU.Build.0 = Release|Any CPU
	EndGlobalSection
	GlobalSection(SolutionProperties) = preSolution
		HideSolutionNode = FALSE
	EndGlobalSection
	GlobalSection(ExtensibilityGlobals) = postSolution
		SolutionGuid = {FDD76D9A-D90C-4FB5-A58D-42E0F0006189}
	EndGlobalSection
EndGlobal
